
Microsoft Visual Studio Solution File, Format Version 12.00
# Visual Studio Version 17
VisualStudioVersion = 17.11.35312.102
MinimumVisualStudioVersion = 10.0.40219.1
Project("{FAE04EC0-301F-11D3-BF4B-00C04F79EFBC}") = "MarketplaceWeb", "MarketplaceWeb.csproj", "{990D1DD3-6407-4939-8A16-7675940A90E3}"
EndProject
Project("{FAE04EC0-301F-11D3-BF4B-00C04F79EFBC}") = "MarketplaceWeb.Tests", "MarketplaceWeb.Tests\MarketplaceWeb.Tests.csproj", "{A6AEA891-31F8-45DD-8E30-CF9EB356C43E}"
EndProject
Global
	GlobalSection(SolutionConfigurationPlatforms) = preSolution
		Debug|Any CPU = Debug|Any CPU
		Debug|x64 = Debug|x64
		Debug|x86 = Debug|x86
		Release|Any CPU = Release|Any CPU
		Release|x64 = Release|x64
		Release|x86 = Release|x86
	EndGlobalSection
	GlobalSection(ProjectConfigurationPlatforms) = postSolution
		{990D1DD3-6407-4939-8A16-7675940A90E3}.Debug|Any CPU.ActiveCfg = Debug|Any CPU
		{990D1DD3-6407-4939-8A16-7675940A90E3}.Debug|Any CPU.Build.0 = Debug|Any CPU
		{990D1DD3-6407-4939-8A16-7675940A90E3}.Debug|x64.ActiveCfg = Debug|Any CPU
		{990D1DD3-6407-4939-8A16-7675940A90E3}.Debug|x64.Build.0 = Debug|Any CPU
		{990D1DD3-6407-4939-8A16-7675940A90E3}.Debug|x86.ActiveCfg = Debug|Any CPU
		{990D1DD3-6407-4939-8A16-7675940A90E3}.Debug|x86.Build.0 = Debug|Any CPU
		{990D1DD3-6407-4939-8A16-7675940A90E3}.Release|Any CPU.ActiveCfg = Release|Any CPU
		{990D1DD3-6407-4939-8A16-7675940A90E3}.Release|Any CPU.Build.0 = Release|Any CPU
		{990D1DD3-6407-4939-8A16-7675940A90E3}.Release|x64.ActiveCfg = Release|Any CPU
		{990D1DD3-6407-4939-8A16-7675940A90E3}.Release|x64.Build.0 = Release|Any CPU
		{990D1DD3-6407-4939-8A16-7675940A90E3}.Release|x86.ActiveCfg = Release|Any CPU
		{990D1DD3-6407-4939-8A16-7675940A90E3}.Release|x86.Build.0 = Release|Any CPU
		{A6AEA891-31F8-45DD-8E30-CF9EB356C43E}.Debug|Any CPU.ActiveCfg = Debug|Any CPU
		{A6AEA891-31F8-45DD-8E30-CF9EB356C43E}.Debug|Any CPU.Build.0 = Debug|Any CPU
		{A6AEA891-31F8-45DD-8E30-CF9EB356C43E}.Debug|x64.ActiveCfg = Debug|Any CPU
		{A6AEA891-31F8-45DD-8E30-CF9EB356C43E}.Debug|x64.Build.0 = Debug|Any CPU
		{A6AEA891-31F8-45DD-8E30-CF9EB356C43E}.Debug|x86.ActiveCfg = Debug|Any CPU
		{A6AEA891-31F8-45DD-8E30-CF9EB356C43E}.Debug|x86.Build.0 = Debug|Any CPU
		{A6AEA891-31F8-45DD-8E30-CF9EB356C43E}.Release|Any CPU.ActiveCfg = Release|Any CPU
		{A6AEA891-31F8-45DD-8E30-CF9EB356C43E}.Release|Any CPU.Build.0 = Release|Any CPU
		{A6AEA891-31F8-45DD-8E30-CF9EB356C43E}.Release|x64.ActiveCfg = Release|Any CPU
		{A6AEA891-31F8-45DD-8E30-CF9EB356C43E}.Release|x64.Build.0 = Release|Any CPU
		{A6AEA891-31F8-45DD-8E30-CF9EB356C43E}.Release|x86.ActiveCfg = Release|Any CPU
		{A6AEA891-31F8-45DD-8E30-CF9EB356C43E}.Release|x86.Build.0 = Release|Any CPU
	EndGlobalSection
	GlobalSection(SolutionProperties) = preSolution
		HideSolutionNode = FALSE
	EndGlobalSection
	GlobalSection(ExtensibilityGlobals) = postSolution
		SolutionGuid = {F21A7C44-0B87-476A-96D8-16DDD93F3D6A}
	EndGlobalSection
EndGlobal
